
Microsoft Visual Studio Solution File, Format Version 12.00
# Visual Studio Version 17
VisualStudioVersion = 17.14.36301.6 d17.14
MinimumVisualStudioVersion = 10.0.40219.1
Project("{FAE04EC0-301F-11D3-BF4B-00C04F79EFBC}") = "OOP_EXAM", "OOP_EXAM\OOP_EXAM.csproj", "{6F54CA5F-0840-43A6-AAE6-8FCDB82EC52F}"
EndProject
Global
	GlobalSection(SolutionConfigurationPlatforms) = preSolution
		Debug|Any CPU = Debug|Any CPU
		Release|Any CPU = Release|Any CPU
	EndGlobalSection
	GlobalSection(ProjectConfigurationPlatforms) = postSolution
		{6F54CA5F-0840-43A6-AAE6-8FCDB82EC52F}.Debug|Any CPU.ActiveCfg = Debug|Any CPU
		{6F54CA5F-0840-43A6-AAE6-8FCDB82EC52F}.Debug|Any CPU.Build.0 = Debug|Any CPU
		{6F54CA5F-0840-43A6-AAE6-8FCDB82EC52F}.Release|Any CPU.ActiveCfg = Release|Any CPU
		{6F54CA5F-0840-43A6-AAE6-8FCDB82EC52F}.Release|Any CPU.Build.0 = Release|Any CPU
	EndGlobalSection
	GlobalSection(SolutionProperties) = preSolution
		HideSolutionNode = FALSE
	EndGlobalSection
	GlobalSection(ExtensibilityGlobals) = postSolution
		SolutionGuid = {80E4A716-4A05-4B6F-BA99-5E507183AF0E}
	EndGlobalSection
EndGlobal
